{
  "name": "tic80-typescript",
  "version": "0.4.1",
  "lockfileVersion": 1,
  "requires": true,
  "dependencies": {
    "@types/node": {
      "version": "https://registry.npmjs.org/@types/node/-/node-8.0.19.tgz",
      "integrity": "sha1-5G4rAkPefQPxWya0XFnruE9lek4=",
      "dev": true
    },
    "fs-extra": {
      "version": "https://registry.npmjs.org/fs-extra/-/fs-extra-4.0.1.tgz",
      "integrity": "sha1-f8DGyJV/mD9X8waiTlud3Y0N2IA=",
      "requires": {
        "graceful-fs": "https://registry.npmjs.org/graceful-fs/-/graceful-fs-4.1.11.tgz",
        "jsonfile": "https://registry.npmjs.org/jsonfile/-/jsonfile-3.0.1.tgz",
        "universalify": "https://registry.npmjs.org/universalify/-/universalify-0.1.1.tgz"
      }
    },
    "graceful-fs": {
      "version": "https://registry.npmjs.org/graceful-fs/-/graceful-fs-4.1.11.tgz",
      "integrity": "sha1-Dovf5NHduIVNZOBOp8AOKgJuVlg="
    },
    "graceful-readlink": {
      "version": "1.0.1",
      "resolved": "https://registry.npmjs.org/graceful-readlink/-/graceful-readlink-1.0.1.tgz",
      "integrity": "sha1-TK+tdrxi8C+gObL5Tpo906ORpyU="
    },
    "jsonfile": {
      "version": "https://registry.npmjs.org/jsonfile/-/jsonfile-3.0.1.tgz",
      "integrity": "sha1-pezG9l9T9mLEQVx2daAzHQmS7GY=",
      "requires": {
        "graceful-fs": "https://registry.npmjs.org/graceful-fs/-/graceful-fs-4.1.11.tgz"
      }
    },
    "source-map": {
      "version": "0.5.6",
      "resolved": "https://registry.npmjs.org/source-map/-/source-map-0.5.6.tgz",
      "integrity": "sha1-dc449SvwczxafwwRjYEzSiu19BI="
    },
    "strip-json-comments": {
      "version": "2.0.1",
      "resolved": "https://registry.npmjs.org/strip-json-comments/-/strip-json-comments-2.0.1.tgz",
      "integrity": "sha1-PFMZQukIwml8DsNEhYwobHygpgo="
    },
    "uglify-js": {
      "version": "3.0.24",
      "resolved": "https://registry.npmjs.org/uglify-js/-/uglify-js-3.0.24.tgz",
      "integrity": "sha512-IZ7l7MU2j7LIuz6IAFWBOk1dbuQ0QVQsKLffpNPKXuL8NYcFBBQ5QkvMAtfL1+oaBW16344DY4sA26GI9cXzlA==",
      "requires": {
        "commander": "2.9.0",
        "source-map": "0.5.6"
      },
      "dependencies": {
        "commander": {
          "version": "2.9.0",
          "resolved": "https://registry.npmjs.org/commander/-/commander-2.9.0.tgz",
          "integrity": "sha1-nJkJQXbhIkDLItbFFGCYQA/g99Q=",
          "requires": {
            "graceful-readlink": "1.0.1"
          }
        }
      }
    },
    "universalify": {
      "version": "https://registry.npmjs.org/universalify/-/universalify-0.1.1.tgz",
      "integrity": "sha1-+nG63UQ3r0wUiEHjs7Fl+enlkLc="
    },
    "yesno": {
      "version": "https://registry.npmjs.org/yesno/-/yesno-0.0.1.tgz",
      "integrity": "sha1-/7wE/z1vmdrST3RjE06bkq5BvvY="
    }
  }
}
