dependencies:
  fs-extra: 7.0.1
  strip-json-comments: 2.0.1
  uglify-js: 3.11.1
  yesno: 0.2.0
devDependencies:
  '@types/node': 8.10.64
lockfileVersion: 5.1
packages:
  /@types/node/8.10.64:
    dev: true
    resolution:
      integrity: sha512-/EwBIb+imu8Qi/A3NF9sJ9iuKo7yV+pryqjmeRqaU0C4wBAOhas5mdvoYeJ5PCKrh6thRSJHdoasFqh3BQGILA==
  /fs-extra/7.0.1:
    dependencies:
      graceful-fs: 4.2.4
      jsonfile: 4.0.0
      universalify: 0.1.2
    dev: false
    engines:
      node: '>=6 <7 || >=8'
    resolution:
      integrity: sha512-YJDaCJZEnBmcbw13fvdAM9AwNOJwOzrE4pqMqBq5nFiEqXUqHwlK4B+3pUw6JNvfSPtX05xFHtYy/1ni01eGCw==
  /graceful-fs/4.2.4:
    dev: false
    resolution:
      integrity: sha512-WjKPNJF79dtJAVniUlGGWHYGz2jWxT6VhN/4m1NdkbZ2nOsEF+cI1Edgql5zCRhs/VsQYRvrXctxktVXZUkixw==
  /jsonfile/4.0.0:
    dev: false
    optionalDependencies:
      graceful-fs: 4.2.4
    resolution:
      integrity: sha1-h3Gq4HmbZAdrdmQPygWPnBDjPss=
  /strip-json-comments/2.0.1:
    dev: false
    engines:
      node: '>=0.10.0'
    resolution:
      integrity: sha1-PFMZQukIwml8DsNEhYwobHygpgo=
  /uglify-js/3.11.1:
    dev: false
    engines:
      node: '>=0.8.0'
    hasBin: true
    resolution:
      integrity: sha512-OApPSuJcxcnewwjSGGfWOjx3oix5XpmrK9Z2j0fTRlHGoZ49IU6kExfZTM0++fCArOOCet+vIfWwFHbvWqwp6g==
  /universalify/0.1.2:
    dev: false
    engines:
      node: '>= 4.0.0'
    resolution:
      integrity: sha512-rBJeI5CXAlmy1pV+617WB9J63U6XcazHHF2f2dbJix4XzpUF0RS3Zbj0FGIOCAva5P/d/GBOYaACQ1w+0azUkg==
  /yesno/0.2.0:
    dev: false
    resolution:
      integrity: sha512-A66RIAOz+nP2hFpXfULwr57yubsWjEXw7ay8XL5a1AA6FpxiEDllKCnx9vCFDhN5TviTrF9yIfBwPskW3x9jxw==
specifiers:
  '@types/node': ^8.10.64
  fs-extra: ^7.0.1
  strip-json-comments: ^2.0.1
  uglify-js: ^3.9.4
  yesno: 0.2.0
