dependencies:
  fs-extra: 7.0.1
  strip-json-comments: 3.1.1
  uglify-js: 3.13.3
  yesno: 0.3.1
devDependencies:
  '@types/fs-extra': 9.0.10
  '@types/node': 14.14.37
  '@types/uglify-js': 3.13.0
lockfileVersion: 5.2
packages:
  /@types/fs-extra/9.0.10:
    dependencies:
      '@types/node': 14.14.37
    dev: true
    resolution:
      integrity: sha512-O9T2LLkRDiTlalOBdjEkcnT0MRdT2+wglCl7pJUJ3mkWkR8hX4K+5bg2raQNJcLv4V8zGuTXe7Ud3wSqkTyuyQ==
  /@types/node/14.14.37:
    dev: true
    resolution:
      integrity: sha512-XYmBiy+ohOR4Lh5jE379fV2IU+6Jn4g5qASinhitfyO71b/sCo6MKsMLF5tc7Zf2CE8hViVQyYSobJNke8OvUw==
  /@types/uglify-js/3.13.0:
    dependencies:
      source-map: 0.6.1
    dev: true
    resolution:
      integrity: sha512-EGkrJD5Uy+Pg0NUR8uA4bJ5WMfljyad0G+784vLCNUkD+QwOJXUbBYExXfVGf7YtyzdQp3L/XMYcliB987kL5Q==
  /fs-extra/7.0.1:
    dependencies:
      graceful-fs: 4.2.6
      jsonfile: 4.0.0
      universalify: 0.1.2
    dev: false
    engines:
      node: '>=6 <7 || >=8'
    resolution:
      integrity: sha512-YJDaCJZEnBmcbw13fvdAM9AwNOJwOzrE4pqMqBq5nFiEqXUqHwlK4B+3pUw6JNvfSPtX05xFHtYy/1ni01eGCw==
  /graceful-fs/4.2.6:
    dev: false
    resolution:
      integrity: sha512-nTnJ528pbqxYanhpDYsi4Rd8MAeaBA67+RZ10CM1m3bTAVFEDcd5AuA4a6W5YkGZ1iNXHzZz8T6TBKLeBuNriQ==
  /jsonfile/4.0.0:
    dev: false
    optionalDependencies:
      graceful-fs: 4.2.6
    resolution:
      integrity: sha1-h3Gq4HmbZAdrdmQPygWPnBDjPss=
  /source-map/0.6.1:
    dev: true
    engines:
      node: '>=0.10.0'
    resolution:
      integrity: sha512-UjgapumWlbMhkBgzT7Ykc5YXUT46F0iKu8SGXq0bcwP5dz/h0Plj6enJqjz1Zbq2l5WaqYnrVbwWOWMyF3F47g==
  /strip-json-comments/3.1.1:
    dev: false
    engines:
      node: '>=8'
    resolution:
      integrity: sha512-6fPc+R4ihwqP6N/aIv2f1gMH8lOVtWQHoqC4yK6oSDVVocumAsfCqjkXnqiYMhmMwS/mEHLp7Vehlt3ql6lEig==
  /uglify-js/3.13.3:
    dev: false
    engines:
      node: '>=0.8.0'
    hasBin: true
    resolution:
      integrity: sha512-otIc7O9LyxpUcQoXzj2hL4LPWKklO6LJWoJUzNa8A17Xgi4fOeDC8FBDOLHnC/Slo1CQgsZMcM6as0M76BZaig==
  /universalify/0.1.2:
    dev: false
    engines:
      node: '>= 4.0.0'
    resolution:
      integrity: sha512-rBJeI5CXAlmy1pV+617WB9J63U6XcazHHF2f2dbJix4XzpUF0RS3Zbj0FGIOCAva5P/d/GBOYaACQ1w+0azUkg==
  /yesno/0.3.1:
    dev: false
    resolution:
      integrity: sha512-7RbCXegyu6DykWPWU0YEtW8gFJH8KBL2d5l2fqB0XpkH0Y9rk59YSSWpzEv7yNJBGAouPc67h3kkq0CZkpBdFw==
specifiers:
  '@types/fs-extra': ^9.0.10
  '@types/node': ^14.14.37
  '@types/uglify-js': ^3.13.0
  fs-extra: ^7.0.1
  strip-json-comments: ^3.1.1
  uglify-js: ^3.13.3
  yesno: ^0.3.1
